
Microsoft Visual Studio Solution File, Format Version 12.00
# Visual Studio 15
VisualStudioVersion = 15.0.28307.136
MinimumVisualStudioVersion = 10.0.40219.1
Project("{FAE04EC0-301F-11D3-BF4B-00C04F79EFBC}") = "BragantinaTelerikDemo.Android", "BragantinaTelerikDemo\Android\BragantinaTelerikDemo.Android.csproj", "{49B05FD2-1A6C-48F7-97E6-8E170820AFFA}"
EndProject
Project("{FAE04EC0-301F-11D3-BF4B-00C04F79EFBC}") = "BragantinaTelerikDemo.iOS", "BragantinaTelerikDemo\iOS\BragantinaTelerikDemo.iOS.csproj", "{4D093CBA-9D8A-43DA-ADE4-B21E3DA40B1B}"
EndProject
Project("{FAE04EC0-301F-11D3-BF4B-00C04F79EFBC}") = "BragantinaTelerikDemo.Portable", "BragantinaTelerikDemo\Portable\BragantinaTelerikDemo.Portable.csproj", "{78D35958-FF64-4710-BEF8-F6B0444F42DA}"
EndProject
Global
	GlobalSection(SolutionConfigurationPlatforms) = preSolution
		Ad-Hoc|Any CPU = Ad-Hoc|Any CPU
		Ad-Hoc|iPhone = Ad-Hoc|iPhone
		Ad-Hoc|iPhoneSimulator = Ad-Hoc|iPhoneSimulator
		AppStore|Any CPU = AppStore|Any CPU
		AppStore|iPhone = AppStore|iPhone
		AppStore|iPhoneSimulator = AppStore|iPhoneSimulator
		Debug|Any CPU = Debug|Any CPU
		Debug|iPhone = Debug|iPhone
		Debug|iPhoneSimulator = Debug|iPhoneSimulator
		Release|Any CPU = Release|Any CPU
		Release|iPhone = Release|iPhone
		Release|iPhoneSimulator = Release|iPhoneSimulator
	EndGlobalSection
	GlobalSection(ProjectConfigurationPlatforms) = postSolution
		{49B05FD2-1A6C-48F7-97E6-8E170820AFFA}.Ad-Hoc|Any CPU.ActiveCfg = Release|Any CPU
		{49B05FD2-1A6C-48F7-97E6-8E170820AFFA}.Ad-Hoc|Any CPU.Build.0 = Release|Any CPU
		{49B05FD2-1A6C-48F7-97E6-8E170820AFFA}.Ad-Hoc|Any CPU.Deploy.0 = Release|Any CPU
		{49B05FD2-1A6C-48F7-97E6-8E170820AFFA}.Ad-Hoc|iPhone.ActiveCfg = Release|Any CPU
		{49B05FD2-1A6C-48F7-97E6-8E170820AFFA}.Ad-Hoc|iPhone.Build.0 = Release|Any CPU
		{49B05FD2-1A6C-48F7-97E6-8E170820AFFA}.Ad-Hoc|iPhone.Deploy.0 = Release|Any CPU
		{49B05FD2-1A6C-48F7-97E6-8E170820AFFA}.Ad-Hoc|iPhoneSimulator.ActiveCfg = Release|Any CPU
		{49B05FD2-1A6C-48F7-97E6-8E170820AFFA}.Ad-Hoc|iPhoneSimulator.Build.0 = Release|Any CPU
		{49B05FD2-1A6C-48F7-97E6-8E170820AFFA}.Ad-Hoc|iPhoneSimulator.Deploy.0 = Release|Any CPU
		{49B05FD2-1A6C-48F7-97E6-8E170820AFFA}.AppStore|Any CPU.ActiveCfg = Release|Any CPU
		{49B05FD2-1A6C-48F7-97E6-8E170820AFFA}.AppStore|Any CPU.Build.0 = Release|Any CPU
		{49B05FD2-1A6C-48F7-97E6-8E170820AFFA}.AppStore|Any CPU.Deploy.0 = Release|Any CPU
		{49B05FD2-1A6C-48F7-97E6-8E170820AFFA}.AppStore|iPhone.ActiveCfg = Release|Any CPU
		{49B05FD2-1A6C-48F7-97E6-8E170820AFFA}.AppStore|iPhone.Build.0 = Release|Any CPU
		{49B05FD2-1A6C-48F7-97E6-8E170820AFFA}.AppStore|iPhone.Deploy.0 = Release|Any CPU
		{49B05FD2-1A6C-48F7-97E6-8E170820AFFA}.AppStore|iPhoneSimulator.ActiveCfg = Release|Any CPU
		{49B05FD2-1A6C-48F7-97E6-8E170820AFFA}.AppStore|iPhoneSimulator.Build.0 = Release|Any CPU
		{49B05FD2-1A6C-48F7-97E6-8E170820AFFA}.AppStore|iPhoneSimulator.Deploy.0 = Release|Any CPU
		{49B05FD2-1A6C-48F7-97E6-8E170820AFFA}.Debug|Any CPU.ActiveCfg = Debug|Any CPU
		{49B05FD2-1A6C-48F7-97E6-8E170820AFFA}.Debug|Any CPU.Build.0 = Debug|Any CPU
		{49B05FD2-1A6C-48F7-97E6-8E170820AFFA}.Debug|Any CPU.Deploy.0 = Debug|Any CPU
		{49B05FD2-1A6C-48F7-97E6-8E170820AFFA}.Debug|iPhone.ActiveCfg = Debug|Any CPU
		{49B05FD2-1A6C-48F7-97E6-8E170820AFFA}.Debug|iPhone.Build.0 = Debug|Any CPU
		{49B05FD2-1A6C-48F7-97E6-8E170820AFFA}.Debug|iPhone.Deploy.0 = Debug|Any CPU
		{49B05FD2-1A6C-48F7-97E6-8E170820AFFA}.Debug|iPhoneSimulator.ActiveCfg = Debug|Any CPU
		{49B05FD2-1A6C-48F7-97E6-8E170820AFFA}.Debug|iPhoneSimulator.Build.0 = Debug|Any CPU
		{49B05FD2-1A6C-48F7-97E6-8E170820AFFA}.Debug|iPhoneSimulator.Deploy.0 = Debug|Any CPU
		{49B05FD2-1A6C-48F7-97E6-8E170820AFFA}.Release|Any CPU.ActiveCfg = Release|Any CPU
		{49B05FD2-1A6C-48F7-97E6-8E170820AFFA}.Release|Any CPU.Build.0 = Release|Any CPU
		{49B05FD2-1A6C-48F7-97E6-8E170820AFFA}.Release|Any CPU.Deploy.0 = Release|Any CPU
		{49B05FD2-1A6C-48F7-97E6-8E170820AFFA}.Release|iPhone.ActiveCfg = Release|Any CPU
		{49B05FD2-1A6C-48F7-97E6-8E170820AFFA}.Release|iPhone.Build.0 = Release|Any CPU
		{49B05FD2-1A6C-48F7-97E6-8E170820AFFA}.Release|iPhone.Deploy.0 = Release|Any CPU
		{49B05FD2-1A6C-48F7-97E6-8E170820AFFA}.Release|iPhoneSimulator.ActiveCfg = Release|Any CPU
		{49B05FD2-1A6C-48F7-97E6-8E170820AFFA}.Release|iPhoneSimulator.Build.0 = Release|Any CPU
		{49B05FD2-1A6C-48F7-97E6-8E170820AFFA}.Release|iPhoneSimulator.Deploy.0 = Release|Any CPU
		{4D093CBA-9D8A-43DA-ADE4-B21E3DA40B1B}.Ad-Hoc|Any CPU.ActiveCfg = Ad-Hoc|iPhone
		{4D093CBA-9D8A-43DA-ADE4-B21E3DA40B1B}.Ad-Hoc|iPhone.ActiveCfg = Ad-Hoc|iPhone
		{4D093CBA-9D8A-43DA-ADE4-B21E3DA40B1B}.Ad-Hoc|iPhone.Build.0 = Ad-Hoc|iPhone
		{4D093CBA-9D8A-43DA-ADE4-B21E3DA40B1B}.Ad-Hoc|iPhoneSimulator.ActiveCfg = Ad-Hoc|iPhoneSimulator
		{4D093CBA-9D8A-43DA-ADE4-B21E3DA40B1B}.Ad-Hoc|iPhoneSimulator.Build.0 = Ad-Hoc|iPhoneSimulator
		{4D093CBA-9D8A-43DA-ADE4-B21E3DA40B1B}.AppStore|Any CPU.ActiveCfg = AppStore|iPhone
		{4D093CBA-9D8A-43DA-ADE4-B21E3DA40B1B}.AppStore|iPhone.ActiveCfg = AppStore|iPhone
		{4D093CBA-9D8A-43DA-ADE4-B21E3DA40B1B}.AppStore|iPhone.Build.0 = AppStore|iPhone
		{4D093CBA-9D8A-43DA-ADE4-B21E3DA40B1B}.AppStore|iPhoneSimulator.ActiveCfg = AppStore|iPhoneSimulator
		{4D093CBA-9D8A-43DA-ADE4-B21E3DA40B1B}.AppStore|iPhoneSimulator.Build.0 = AppStore|iPhoneSimulator
		{4D093CBA-9D8A-43DA-ADE4-B21E3DA40B1B}.Debug|Any CPU.ActiveCfg = Debug|iPhone
		{4D093CBA-9D8A-43DA-ADE4-B21E3DA40B1B}.Debug|iPhone.ActiveCfg = Debug|iPhone
		{4D093CBA-9D8A-43DA-ADE4-B21E3DA40B1B}.Debug|iPhone.Build.0 = Debug|iPhone
		{4D093CBA-9D8A-43DA-ADE4-B21E3DA40B1B}.Debug|iPhoneSimulator.ActiveCfg = Debug|iPhoneSimulator
		{4D093CBA-9D8A-43DA-ADE4-B21E3DA40B1B}.Debug|iPhoneSimulator.Build.0 = Debug|iPhoneSimulator
		{4D093CBA-9D8A-43DA-ADE4-B21E3DA40B1B}.Release|Any CPU.ActiveCfg = Release|iPhone
		{4D093CBA-9D8A-43DA-ADE4-B21E3DA40B1B}.Release|iPhone.ActiveCfg = Release|iPhone
		{4D093CBA-9D8A-43DA-ADE4-B21E3DA40B1B}.Release|iPhone.Build.0 = Release|iPhone
		{4D093CBA-9D8A-43DA-ADE4-B21E3DA40B1B}.Release|iPhoneSimulator.ActiveCfg = Release|iPhoneSimulator
		{4D093CBA-9D8A-43DA-ADE4-B21E3DA40B1B}.Release|iPhoneSimulator.Build.0 = Release|iPhoneSimulator
		{78D35958-FF64-4710-BEF8-F6B0444F42DA}.Ad-Hoc|Any CPU.ActiveCfg = Debug|Any CPU
		{78D35958-FF64-4710-BEF8-F6B0444F42DA}.Ad-Hoc|Any CPU.Build.0 = Debug|Any CPU
		{78D35958-FF64-4710-BEF8-F6B0444F42DA}.Ad-Hoc|iPhone.ActiveCfg = Debug|Any CPU
		{78D35958-FF64-4710-BEF8-F6B0444F42DA}.Ad-Hoc|iPhone.Build.0 = Debug|Any CPU
		{78D35958-FF64-4710-BEF8-F6B0444F42DA}.Ad-Hoc|iPhoneSimulator.ActiveCfg = Debug|Any CPU
		{78D35958-FF64-4710-BEF8-F6B0444F42DA}.Ad-Hoc|iPhoneSimulator.Build.0 = Debug|Any CPU
		{78D35958-FF64-4710-BEF8-F6B0444F42DA}.AppStore|Any CPU.ActiveCfg = Debug|Any CPU
		{78D35958-FF64-4710-BEF8-F6B0444F42DA}.AppStore|Any CPU.Build.0 = Debug|Any CPU
		{78D35958-FF64-4710-BEF8-F6B0444F42DA}.AppStore|iPhone.ActiveCfg = Debug|Any CPU
		{78D35958-FF64-4710-BEF8-F6B0444F42DA}.AppStore|iPhone.Build.0 = Debug|Any CPU
		{78D35958-FF64-4710-BEF8-F6B0444F42DA}.AppStore|iPhoneSimulator.ActiveCfg = Debug|Any CPU
		{78D35958-FF64-4710-BEF8-F6B0444F42DA}.AppStore|iPhoneSimulator.Build.0 = Debug|Any CPU
		{78D35958-FF64-4710-BEF8-F6B0444F42DA}.Debug|Any CPU.ActiveCfg = Debug|Any CPU
		{78D35958-FF64-4710-BEF8-F6B0444F42DA}.Debug|Any CPU.Build.0 = Debug|Any CPU
		{78D35958-FF64-4710-BEF8-F6B0444F42DA}.Debug|iPhone.ActiveCfg = Debug|Any CPU
		{78D35958-FF64-4710-BEF8-F6B0444F42DA}.Debug|iPhone.Build.0 = Debug|Any CPU
		{78D35958-FF64-4710-BEF8-F6B0444F42DA}.Debug|iPhoneSimulator.ActiveCfg = Debug|Any CPU
		{78D35958-FF64-4710-BEF8-F6B0444F42DA}.Debug|iPhoneSimulator.Build.0 = Debug|Any CPU
		{78D35958-FF64-4710-BEF8-F6B0444F42DA}.Release|Any CPU.ActiveCfg = Release|Any CPU
		{78D35958-FF64-4710-BEF8-F6B0444F42DA}.Release|Any CPU.Build.0 = Release|Any CPU
		{78D35958-FF64-4710-BEF8-F6B0444F42DA}.Release|iPhone.ActiveCfg = Release|Any CPU
		{78D35958-FF64-4710-BEF8-F6B0444F42DA}.Release|iPhone.Build.0 = Release|Any CPU
		{78D35958-FF64-4710-BEF8-F6B0444F42DA}.Release|iPhoneSimulator.ActiveCfg = Release|Any CPU
		{78D35958-FF64-4710-BEF8-F6B0444F42DA}.Release|iPhoneSimulator.Build.0 = Release|Any CPU
	EndGlobalSection
	GlobalSection(SolutionProperties) = preSolution
		HideSolutionNode = FALSE
	EndGlobalSection
	GlobalSection(ExtensibilityGlobals) = postSolution
		SolutionGuid = {EA122676-954D-43ED-BCBA-C10E015DFB81}
	EndGlobalSection
EndGlobal
